
Microsoft Visual Studio Solution File, Format Version 12.00
# Visual Studio Version 16
VisualStudioVersion = 16.0.30309.148
MinimumVisualStudioVersion = 10.0.40219.1
Project("{FAE04EC0-301F-11D3-BF4B-00C04F79EFBC}") = "SonarQubeTesting", "SonarQubeTesting\SonarQubeTesting.csproj", "{2895DF81-7551-4658-8D74-4015BCB39D3C}"
EndProject
Global
	GlobalSection(SolutionConfigurationPlatforms) = preSolution
		Debug|Any CPU = Debug|Any CPU
		Release|Any CPU = Release|Any CPU
	EndGlobalSection
	GlobalSection(ProjectConfigurationPlatforms) = postSolution
		{2895DF81-7551-4658-8D74-4015BCB39D3C}.Debug|Any CPU.ActiveCfg = Debug|Any CPU
		{2895DF81-7551-4658-8D74-4015BCB39D3C}.Debug|Any CPU.Build.0 = Debug|Any CPU
		{2895DF81-7551-4658-8D74-4015BCB39D3C}.Release|Any CPU.ActiveCfg = Release|Any CPU
		{2895DF81-7551-4658-8D74-4015BCB39D3C}.Release|Any CPU.Build.0 = Release|Any CPU
	EndGlobalSection
	GlobalSection(SolutionProperties) = preSolution
		HideSolutionNode = FALSE
	EndGlobalSection
	GlobalSection(ExtensibilityGlobals) = postSolution
		SolutionGuid = {FF72B38D-8B38-4C07-BF79-85046EAC53E5}
	EndGlobalSection
EndGlobal
